{
  "name": "poc_port_avaibility_check",
  "version": "1.0.0",
  "lockfileVersion": 3,
  "requires": true,
  "packages": {
    "": {
      "name": "poc_port_avaibility_check",
      "version": "1.0.0",
      "license": "ISC",
      "dependencies": {
        "get-port": "^7.0.0"
      }
    },
    "node_modules/get-port": {
      "version": "7.0.0",
      "resolved": "https://registry.npmjs.org/get-port/-/get-port-7.0.0.tgz",
      "integrity": "sha512-mDHFgApoQd+azgMdwylJrv2DX47ywGq1i5VFJE7fZ0dttNq3iQMfsU4IvEgBHojA3KqEudyu7Vq+oN8kNaNkWw==",
      "engines": {
        "node": ">=16"
      },
      "funding": {
        "url": "https://github.com/sponsors/sindresorhus"
      }
    }
  }
}
